
Microsoft Visual Studio Solution File, Format Version 12.00
# Visual Studio 15
VisualStudioVersion = 15.0.28307.136
MinimumVisualStudioVersion = 10.0.40219.1
Project("{FAE04EC0-301F-11D3-BF4B-00C04F79EFBC}") = "AspPdfDemo", "AspPdfDemo\AspPdfDemo.csproj", "{EAF84A74-ABFB-498A-9B56-99D938F5CB1E}"
EndProject
Global
	GlobalSection(SolutionConfigurationPlatforms) = preSolution
		Debug|Any CPU = Debug|Any CPU
		Release|Any CPU = Release|Any CPU
	EndGlobalSection
	GlobalSection(ProjectConfigurationPlatforms) = postSolution
		{EAF84A74-ABFB-498A-9B56-99D938F5CB1E}.Debug|Any CPU.ActiveCfg = Debug|Any CPU
		{EAF84A74-ABFB-498A-9B56-99D938F5CB1E}.Debug|Any CPU.Build.0 = Debug|Any CPU
		{EAF84A74-ABFB-498A-9B56-99D938F5CB1E}.Release|Any CPU.ActiveCfg = Release|Any CPU
		{EAF84A74-ABFB-498A-9B56-99D938F5CB1E}.Release|Any CPU.Build.0 = Release|Any CPU
	EndGlobalSection
	GlobalSection(SolutionProperties) = preSolution
		HideSolutionNode = FALSE
	EndGlobalSection
	GlobalSection(ExtensibilityGlobals) = postSolution
		SolutionGuid = {E2CF93B1-7668-41AC-A871-18FA6C90605A}
	EndGlobalSection
EndGlobal
